
Microsoft Visual Studio Solution File, Format Version 12.00
# Visual Studio Version 17
VisualStudioVersion = 17.5.33424.131
MinimumVisualStudioVersion = 10.0.40219.1
Project("{FAE04EC0-301F-11D3-BF4B-00C04F79EFBC}") = "laba_1", "laba_1\laba_1.csproj", "{B0BFA9CD-5AA5-4018-8B1B-C6341963E41B}"
EndProject
Global
	GlobalSection(SolutionConfigurationPlatforms) = preSolution
		Debug|Any CPU = Debug|Any CPU
		Release|Any CPU = Release|Any CPU
	EndGlobalSection
	GlobalSection(ProjectConfigurationPlatforms) = postSolution
		{B0BFA9CD-5AA5-4018-8B1B-C6341963E41B}.Debug|Any CPU.ActiveCfg = Debug|Any CPU
		{B0BFA9CD-5AA5-4018-8B1B-C6341963E41B}.Debug|Any CPU.Build.0 = Debug|Any CPU
		{B0BFA9CD-5AA5-4018-8B1B-C6341963E41B}.Release|Any CPU.ActiveCfg = Release|Any CPU
		{B0BFA9CD-5AA5-4018-8B1B-C6341963E41B}.Release|Any CPU.Build.0 = Release|Any CPU
	EndGlobalSection
	GlobalSection(SolutionProperties) = preSolution
		HideSolutionNode = FALSE
	EndGlobalSection
	GlobalSection(ExtensibilityGlobals) = postSolution
		SolutionGuid = {5207E8A0-DCEF-425C-BECA-0C8C32CCB4AE}
	EndGlobalSection
EndGlobal
